
Microsoft Visual Studio Solution File, Format Version 12.00
# Visual Studio Version 17
VisualStudioVersion = 17.11.35312.102
MinimumVisualStudioVersion = 10.0.40219.1
Project("{9A19103F-16F7-4668-BE54-9A1E7A4F7556}") = "PowerTrade", "PowerTrade\PowerTrade.csproj", "{6B4CB55D-1934-4EA7-B16E-050C9411AEDF}"
EndProject
Project("{9A19103F-16F7-4668-BE54-9A1E7A4F7556}") = "PowerTrade.Test", "PowerTrade.Test\PowerTrade.Test.csproj", "{04C6140B-346D-4207-8878-6F16FD265221}"
EndProject
Global
	GlobalSection(SolutionConfigurationPlatforms) = preSolution
		Debug|Any CPU = Debug|Any CPU
		Release|Any CPU = Release|Any CPU
	EndGlobalSection
	GlobalSection(ProjectConfigurationPlatforms) = postSolution
		{6B4CB55D-1934-4EA7-B16E-050C9411AEDF}.Debug|Any CPU.ActiveCfg = Debug|Any CPU
		{6B4CB55D-1934-4EA7-B16E-050C9411AEDF}.Debug|Any CPU.Build.0 = Debug|Any CPU
		{6B4CB55D-1934-4EA7-B16E-050C9411AEDF}.Release|Any CPU.ActiveCfg = Release|Any CPU
		{6B4CB55D-1934-4EA7-B16E-050C9411AEDF}.Release|Any CPU.Build.0 = Release|Any CPU
		{04C6140B-346D-4207-8878-6F16FD265221}.Debug|Any CPU.ActiveCfg = Debug|Any CPU
		{04C6140B-346D-4207-8878-6F16FD265221}.Debug|Any CPU.Build.0 = Debug|Any CPU
		{04C6140B-346D-4207-8878-6F16FD265221}.Release|Any CPU.ActiveCfg = Release|Any CPU
		{04C6140B-346D-4207-8878-6F16FD265221}.Release|Any CPU.Build.0 = Release|Any CPU
	EndGlobalSection
	GlobalSection(SolutionProperties) = preSolution
		HideSolutionNode = FALSE
	EndGlobalSection
	GlobalSection(ExtensibilityGlobals) = postSolution
		SolutionGuid = {47760E30-6723-4E63-9F4D-4A2005A93DB1}
	EndGlobalSection
EndGlobal
